
Microsoft Visual Studio Solution File, Format Version 12.00
# Visual Studio Version 17
VisualStudioVersion = 17.11.35312.102
MinimumVisualStudioVersion = 10.0.40219.1
Project("{9A19103F-16F7-4668-BE54-9A1E7A4F7556}") = "PetConnectWebAPI", "gateway\PetConnectWebAPI\PetConnectWebAPI.csproj", "{B3E3AAE7-1109-435C-8648-32B5A169AE92}"
EndProject
Project("{2150E333-8FDC-42A3-9474-1A3956D46DE8}") = "gateway", "gateway", "{A2DEBF9A-4D29-4961-BFA1-9097F1E6F565}"
EndProject
Project("{2150E333-8FDC-42A3-9474-1A3956D46DE8}") = "shared", "shared", "{E0ED1FF0-C2ED-44ED-A3EC-2177516CB31E}"
EndProject
Project("{9A19103F-16F7-4668-BE54-9A1E7A4F7556}") = "Utilities", "shared\Utilities\Utilities.csproj", "{97AF96C9-1CE8-4525-8C1C-96F8F50DB7E0}"
EndProject
Project("{2150E333-8FDC-42A3-9474-1A3956D46DE8}") = "src", "src", "{D91C5670-6BF3-464F-9CD9-6B8A1439BB57}"
EndProject
Project("{2150E333-8FDC-42A3-9474-1A3956D46DE8}") = "Identity", "Identity", "{025F5D40-0AC7-4C7D-A2CB-D4052C296719}"
EndProject
Project("{9A19103F-16F7-4668-BE54-9A1E7A4F7556}") = "IdentityAPI", "src\Identity\IdentityAPI\IdentityAPI.csproj", "{F6C9C10C-6D3A-47A4-975F-31891BC11DB4}"
EndProject
Project("{9A19103F-16F7-4668-BE54-9A1E7A4F7556}") = "IdentityCore", "src\Identity\IdentityCore\IdentityCore.csproj", "{5F956015-6B58-4325-842F-3098DC846EFB}"
EndProject
Project("{9A19103F-16F7-4668-BE54-9A1E7A4F7556}") = "IdentityInfra", "src\Identity\IdentityInfra\IdentityInfra.csproj", "{8930FB4A-C5F6-46DE-92DA-F77BF5A5FA89}"
EndProject
Project("{2150E333-8FDC-42A3-9474-1A3956D46DE8}") = "MyProfile", "MyProfile", "{8EC609A7-3CCC-477A-B78C-DC583173967E}"
EndProject
Project("{9A19103F-16F7-4668-BE54-9A1E7A4F7556}") = "MyProfileAPI", "src\MyProfile\MyProfileAPI\MyProfileAPI.csproj", "{06B922EF-BE76-4B78-A13F-A55C201EE416}"
EndProject
Project("{2150E333-8FDC-42A3-9474-1A3956D46DE8}") = "PetSupport", "PetSupport", "{CD2D4D0C-4704-46EE-8A92-5CC964528F77}"
EndProject
Project("{9A19103F-16F7-4668-BE54-9A1E7A4F7556}") = "MarketplaceAPI", "src\Marketplace\MarketplaceAPI\MarketplaceAPI.csproj", "{9101E8B0-F389-4D38-96C3-788577D7D51E}"
EndProject
Project("{2150E333-8FDC-42A3-9474-1A3956D46DE8}") = "Marketplace", "Marketplace", "{F097EF73-8D63-44E5-80A4-3E8789629894}"
EndProject
Project("{2150E333-8FDC-42A3-9474-1A3956D46DE8}") = "adapters", "adapters", "{14D90099-0193-41A5-86CC-90C151897F80}"
EndProject
Project("{9A19103F-16F7-4668-BE54-9A1E7A4F7556}") = "Kafka", "adapters\Kafka\Kafka.csproj", "{C045C15A-B9C4-4756-9088-45BC3DEB66C1}"
EndProject
Project("{9A19103F-16F7-4668-BE54-9A1E7A4F7556}") = "Logging", "adapters\Logging\Logging.csproj", "{2771A650-45BB-4923-A96A-24F69F2DCA9C}"
EndProject
Project("{9A19103F-16F7-4668-BE54-9A1E7A4F7556}") = "ElasticSearch", "adapters\ElasticSearch\ElasticSearch.csproj", "{DD185E24-5872-4FB7-BBAC-B6A90D7CEE6E}"
EndProject
Project("{2150E333-8FDC-42A3-9474-1A3956D46DE8}") = "tests", "tests", "{413E4EF7-1CBE-4EFB-943D-B64CE72212EB}"
EndProject
Project("{9A19103F-16F7-4668-BE54-9A1E7A4F7556}") = "PetConnect.UnitTests", "tests\PetConnect.UnitTests\PetConnect.UnitTests.csproj", "{E67F7AF9-2DD5-48A0-89A3-CB98518EF62C}"
EndProject
Project("{9A19103F-16F7-4668-BE54-9A1E7A4F7556}") = "PetConnect.IntegrationTests", "tests\PetConnect.IntegrationTests\PetConnect.IntegrationTests.csproj", "{82F6B68B-AAB1-4B19-B018-712ADA883AA8}"
EndProject
Project("{FAE04EC0-301F-11D3-BF4B-00C04F79EFBC}") = "AdoptionManagementAPI", "src\PetSupport\AdoptionManagementAPI\AdoptionManagementAPI.csproj", "{EAA82152-A7E4-485A-8CFF-4DBD99409394}"
EndProject
Project("{FAE04EC0-301F-11D3-BF4B-00C04F79EFBC}") = "RescueManagementAPI", "src\PetSupport\RescueManagementAPI\RescueManagementAPI.csproj", "{989E8E04-A51F-470B-A22D-841B3E784E12}"
EndProject
Project("{FAE04EC0-301F-11D3-BF4B-00C04F79EFBC}") = "LostPetManagementAPI", "src\PetSupport\LostPetManagementAPI\LostPetManagementAPI.csproj", "{F895FED7-7252-4827-A89F-C3746B101121}"
EndProject
Global
	GlobalSection(SolutionConfigurationPlatforms) = preSolution
		Debug|Any CPU = Debug|Any CPU
		Release|Any CPU = Release|Any CPU
	EndGlobalSection
	GlobalSection(ProjectConfigurationPlatforms) = postSolution
		{B3E3AAE7-1109-435C-8648-32B5A169AE92}.Debug|Any CPU.ActiveCfg = Debug|Any CPU
		{B3E3AAE7-1109-435C-8648-32B5A169AE92}.Debug|Any CPU.Build.0 = Debug|Any CPU
		{B3E3AAE7-1109-435C-8648-32B5A169AE92}.Release|Any CPU.ActiveCfg = Release|Any CPU
		{B3E3AAE7-1109-435C-8648-32B5A169AE92}.Release|Any CPU.Build.0 = Release|Any CPU
		{97AF96C9-1CE8-4525-8C1C-96F8F50DB7E0}.Debug|Any CPU.ActiveCfg = Debug|Any CPU
		{97AF96C9-1CE8-4525-8C1C-96F8F50DB7E0}.Debug|Any CPU.Build.0 = Debug|Any CPU
		{97AF96C9-1CE8-4525-8C1C-96F8F50DB7E0}.Release|Any CPU.ActiveCfg = Release|Any CPU
		{97AF96C9-1CE8-4525-8C1C-96F8F50DB7E0}.Release|Any CPU.Build.0 = Release|Any CPU
		{F6C9C10C-6D3A-47A4-975F-31891BC11DB4}.Debug|Any CPU.ActiveCfg = Debug|Any CPU
		{F6C9C10C-6D3A-47A4-975F-31891BC11DB4}.Debug|Any CPU.Build.0 = Debug|Any CPU
		{F6C9C10C-6D3A-47A4-975F-31891BC11DB4}.Release|Any CPU.ActiveCfg = Release|Any CPU
		{F6C9C10C-6D3A-47A4-975F-31891BC11DB4}.Release|Any CPU.Build.0 = Release|Any CPU
		{5F956015-6B58-4325-842F-3098DC846EFB}.Debug|Any CPU.ActiveCfg = Debug|Any CPU
		{5F956015-6B58-4325-842F-3098DC846EFB}.Debug|Any CPU.Build.0 = Debug|Any CPU
		{5F956015-6B58-4325-842F-3098DC846EFB}.Release|Any CPU.ActiveCfg = Release|Any CPU
		{5F956015-6B58-4325-842F-3098DC846EFB}.Release|Any CPU.Build.0 = Release|Any CPU
		{8930FB4A-C5F6-46DE-92DA-F77BF5A5FA89}.Debug|Any CPU.ActiveCfg = Debug|Any CPU
		{8930FB4A-C5F6-46DE-92DA-F77BF5A5FA89}.Debug|Any CPU.Build.0 = Debug|Any CPU
		{8930FB4A-C5F6-46DE-92DA-F77BF5A5FA89}.Release|Any CPU.ActiveCfg = Release|Any CPU
		{8930FB4A-C5F6-46DE-92DA-F77BF5A5FA89}.Release|Any CPU.Build.0 = Release|Any CPU
		{06B922EF-BE76-4B78-A13F-A55C201EE416}.Debug|Any CPU.ActiveCfg = Debug|Any CPU
		{06B922EF-BE76-4B78-A13F-A55C201EE416}.Debug|Any CPU.Build.0 = Debug|Any CPU
		{06B922EF-BE76-4B78-A13F-A55C201EE416}.Release|Any CPU.ActiveCfg = Release|Any CPU
		{06B922EF-BE76-4B78-A13F-A55C201EE416}.Release|Any CPU.Build.0 = Release|Any CPU
		{9101E8B0-F389-4D38-96C3-788577D7D51E}.Debug|Any CPU.ActiveCfg = Debug|Any CPU
		{9101E8B0-F389-4D38-96C3-788577D7D51E}.Debug|Any CPU.Build.0 = Debug|Any CPU
		{9101E8B0-F389-4D38-96C3-788577D7D51E}.Release|Any CPU.ActiveCfg = Release|Any CPU
		{9101E8B0-F389-4D38-96C3-788577D7D51E}.Release|Any CPU.Build.0 = Release|Any CPU
		{C045C15A-B9C4-4756-9088-45BC3DEB66C1}.Debug|Any CPU.ActiveCfg = Debug|Any CPU
		{C045C15A-B9C4-4756-9088-45BC3DEB66C1}.Debug|Any CPU.Build.0 = Debug|Any CPU
		{C045C15A-B9C4-4756-9088-45BC3DEB66C1}.Release|Any CPU.ActiveCfg = Release|Any CPU
		{C045C15A-B9C4-4756-9088-45BC3DEB66C1}.Release|Any CPU.Build.0 = Release|Any CPU
		{2771A650-45BB-4923-A96A-24F69F2DCA9C}.Debug|Any CPU.ActiveCfg = Debug|Any CPU
		{2771A650-45BB-4923-A96A-24F69F2DCA9C}.Debug|Any CPU.Build.0 = Debug|Any CPU
		{2771A650-45BB-4923-A96A-24F69F2DCA9C}.Release|Any CPU.ActiveCfg = Release|Any CPU
		{2771A650-45BB-4923-A96A-24F69F2DCA9C}.Release|Any CPU.Build.0 = Release|Any CPU
		{DD185E24-5872-4FB7-BBAC-B6A90D7CEE6E}.Debug|Any CPU.ActiveCfg = Debug|Any CPU
		{DD185E24-5872-4FB7-BBAC-B6A90D7CEE6E}.Debug|Any CPU.Build.0 = Debug|Any CPU
		{DD185E24-5872-4FB7-BBAC-B6A90D7CEE6E}.Release|Any CPU.ActiveCfg = Release|Any CPU
		{DD185E24-5872-4FB7-BBAC-B6A90D7CEE6E}.Release|Any CPU.Build.0 = Release|Any CPU
		{E67F7AF9-2DD5-48A0-89A3-CB98518EF62C}.Debug|Any CPU.ActiveCfg = Debug|Any CPU
		{E67F7AF9-2DD5-48A0-89A3-CB98518EF62C}.Debug|Any CPU.Build.0 = Debug|Any CPU
		{E67F7AF9-2DD5-48A0-89A3-CB98518EF62C}.Release|Any CPU.ActiveCfg = Release|Any CPU
		{E67F7AF9-2DD5-48A0-89A3-CB98518EF62C}.Release|Any CPU.Build.0 = Release|Any CPU
		{82F6B68B-AAB1-4B19-B018-712ADA883AA8}.Debug|Any CPU.ActiveCfg = Debug|Any CPU
		{82F6B68B-AAB1-4B19-B018-712ADA883AA8}.Debug|Any CPU.Build.0 = Debug|Any CPU
		{82F6B68B-AAB1-4B19-B018-712ADA883AA8}.Release|Any CPU.ActiveCfg = Release|Any CPU
		{82F6B68B-AAB1-4B19-B018-712ADA883AA8}.Release|Any CPU.Build.0 = Release|Any CPU
		{EAA82152-A7E4-485A-8CFF-4DBD99409394}.Debug|Any CPU.ActiveCfg = Debug|Any CPU
		{EAA82152-A7E4-485A-8CFF-4DBD99409394}.Debug|Any CPU.Build.0 = Debug|Any CPU
		{EAA82152-A7E4-485A-8CFF-4DBD99409394}.Release|Any CPU.ActiveCfg = Release|Any CPU
		{EAA82152-A7E4-485A-8CFF-4DBD99409394}.Release|Any CPU.Build.0 = Release|Any CPU
		{989E8E04-A51F-470B-A22D-841B3E784E12}.Debug|Any CPU.ActiveCfg = Debug|Any CPU
		{989E8E04-A51F-470B-A22D-841B3E784E12}.Debug|Any CPU.Build.0 = Debug|Any CPU
		{989E8E04-A51F-470B-A22D-841B3E784E12}.Release|Any CPU.ActiveCfg = Release|Any CPU
		{989E8E04-A51F-470B-A22D-841B3E784E12}.Release|Any CPU.Build.0 = Release|Any CPU
		{F895FED7-7252-4827-A89F-C3746B101121}.Debug|Any CPU.ActiveCfg = Debug|Any CPU
		{F895FED7-7252-4827-A89F-C3746B101121}.Debug|Any CPU.Build.0 = Debug|Any CPU
		{F895FED7-7252-4827-A89F-C3746B101121}.Release|Any CPU.ActiveCfg = Release|Any CPU
		{F895FED7-7252-4827-A89F-C3746B101121}.Release|Any CPU.Build.0 = Release|Any CPU
	EndGlobalSection
	GlobalSection(SolutionProperties) = preSolution
		HideSolutionNode = FALSE
	EndGlobalSection
	GlobalSection(NestedProjects) = preSolution
		{B3E3AAE7-1109-435C-8648-32B5A169AE92} = {A2DEBF9A-4D29-4961-BFA1-9097F1E6F565}
		{97AF96C9-1CE8-4525-8C1C-96F8F50DB7E0} = {E0ED1FF0-C2ED-44ED-A3EC-2177516CB31E}
		{025F5D40-0AC7-4C7D-A2CB-D4052C296719} = {D91C5670-6BF3-464F-9CD9-6B8A1439BB57}
		{F6C9C10C-6D3A-47A4-975F-31891BC11DB4} = {025F5D40-0AC7-4C7D-A2CB-D4052C296719}
		{5F956015-6B58-4325-842F-3098DC846EFB} = {025F5D40-0AC7-4C7D-A2CB-D4052C296719}
		{8930FB4A-C5F6-46DE-92DA-F77BF5A5FA89} = {025F5D40-0AC7-4C7D-A2CB-D4052C296719}
		{8EC609A7-3CCC-477A-B78C-DC583173967E} = {D91C5670-6BF3-464F-9CD9-6B8A1439BB57}
		{06B922EF-BE76-4B78-A13F-A55C201EE416} = {8EC609A7-3CCC-477A-B78C-DC583173967E}
		{CD2D4D0C-4704-46EE-8A92-5CC964528F77} = {D91C5670-6BF3-464F-9CD9-6B8A1439BB57}
		{9101E8B0-F389-4D38-96C3-788577D7D51E} = {F097EF73-8D63-44E5-80A4-3E8789629894}
		{F097EF73-8D63-44E5-80A4-3E8789629894} = {D91C5670-6BF3-464F-9CD9-6B8A1439BB57}
		{C045C15A-B9C4-4756-9088-45BC3DEB66C1} = {14D90099-0193-41A5-86CC-90C151897F80}
		{2771A650-45BB-4923-A96A-24F69F2DCA9C} = {14D90099-0193-41A5-86CC-90C151897F80}
		{DD185E24-5872-4FB7-BBAC-B6A90D7CEE6E} = {14D90099-0193-41A5-86CC-90C151897F80}
		{E67F7AF9-2DD5-48A0-89A3-CB98518EF62C} = {413E4EF7-1CBE-4EFB-943D-B64CE72212EB}
		{82F6B68B-AAB1-4B19-B018-712ADA883AA8} = {413E4EF7-1CBE-4EFB-943D-B64CE72212EB}
		{EAA82152-A7E4-485A-8CFF-4DBD99409394} = {CD2D4D0C-4704-46EE-8A92-5CC964528F77}
		{989E8E04-A51F-470B-A22D-841B3E784E12} = {CD2D4D0C-4704-46EE-8A92-5CC964528F77}
		{F895FED7-7252-4827-A89F-C3746B101121} = {CD2D4D0C-4704-46EE-8A92-5CC964528F77}
	EndGlobalSection
	GlobalSection(ExtensibilityGlobals) = postSolution
		SolutionGuid = {371807A0-D738-485B-877C-C7F733BAB0BB}
	EndGlobalSection
EndGlobal
